
Microsoft Visual Studio Solution File, Format Version 12.00
Project("{2150E333-8FDC-42A3-9474-1A3956D46DE8}") = "Framework", "Framework", "{AC95A612-7D0F-4F80-BDB6-43288C4A77D5}"
EndProject
Project("{2150E333-8FDC-42A3-9474-1A3956D46DE8}") = "Language", "Language", "{A578BF2D-5C57-4D30-A944-5095D1C4BA63}"
EndProject
		{6D1B284B-A5A0-4272-BDA0-0D370CA00644}.Release|Any CPU.Build.0 = Release|Any CPU
		{5ABFE22F-5EB3-4F57-9590-ABE365989D7F}.Debug|Any CPU.ActiveCfg = Debug|Any CPU
		{5ABFE22F-5EB3-4F57-9590-ABE365989D7F}.Debug|Any CPU.Build.0 = Debug|Any CPU
		{5ABFE22F-5EB3-4F57-9590-ABE365989D7F}.Release|Any CPU.ActiveCfg = Release|Any CPU
		{5ABFE22F-5EB3-4F57-9590-ABE365989D7F}.Release|Any CPU.Build.0 = Release|Any CPU
		{FF62CEB3-41E0-4AD0-823D-779F450FA2AA}.Debug|Any CPU.ActiveCfg = Debug|Any CPU
		{FF62CEB3-41E0-4AD0-823D-779F450FA2AA}.Debug|Any CPU.Build.0 = Debug|Any CPU
		{FF62CEB3-41E0-4AD0-823D-779F450FA2AA}.Release|Any CPU.ActiveCfg = Release|Any CPU
		{FF62CEB3-41E0-4AD0-823D-779F450FA2AA}.Release|Any CPU.Build.0 = Release|Any CPU
	EndGlobalSection
	GlobalSection(NestedProjects) = preSolution
		{6D1B284B-A5A0-4272-BDA0-0D370CA00644} = {A578BF2D-5C57-4D30-A944-5095D1C4BA63}
		{5ABFE22F-5EB3-4F57-9590-ABE365989D7F} = {A578BF2D-5C57-4D30-A944-5095D1C4BA63}
		{FF62CEB3-41E0-4AD0-823D-779F450FA2AA} = {A578BF2D-5C57-4D30-A944-5095D1C4BA63}
	EndGlobalSection
EndGlobal
Project("{2150E333-8FDC-42A3-9474-1A3956D46DE8}") = "Web", "Web", "{32CC4D34-2B68-4726-A3D2-8602D6CC0DC4}"
EndProject
Project("{FAE04EC0-301F-11D3-BF4B-00C04F79EFBC}") = "DynamicLanguageRuntime.ConsoleApp", "Language\Dynamic-CSharp\DynamicLanguageRuntime.ConsoleApp\DynamicLanguageRuntime.ConsoleApp.csproj", "{6D1B284B-A5A0-4272-BDA0-0D370CA00644}"
EndProject
Project("{FAE04EC0-301F-11D3-BF4B-00C04F79EFBC}") = "DynamicLanguageRuntime.Tests", "Language\Dynamic-CSharp\DynamicLanguageRuntime.Tests\DynamicLanguageRuntime.Tests.csproj", "{FF62CEB3-41E0-4AD0-823D-779F450FA2AA}"
EndProject
EndProject
Global
	GlobalSection(SolutionConfigurationPlatforms) = preSolution
		Debug|Any CPU = Debug|Any CPU
		Release|Any CPU = Release|Any CPU
	EndGlobalSection
	GlobalSection(ProjectConfigurationPlatforms) = postSolution
		{6D1B284B-A5A0-4272-BDA0-0D370CA00644}.Debug|Any CPU.ActiveCfg = Debug|Any CPU
		{6D1B284B-A5A0-4272-BDA0-0D370CA00644}.Debug|Any CPU.Build.0 = Debug|Any CPU
		{6D1B284B-A5A0-4272-BDA0-0D370CA00644}.Release|Any CPU.ActiveCfg = Release|Any CPU
